// !$*UTF8*$!
{
	archiveVersion = 1;
	classes = {
	};
	objectVersion = 48;
	objects = {

/* Begin PBXBuildFile section */
		184DAD811FBC1B97005E5090 /* AppDelegate.swift in Sources */ = {isa = PBXBuildFile; fileRef = 184DAD801FBC1B97005E5090 /* AppDelegate.swift */; };
		184DAD831FBC1B97005E5090 /* ViewController.swift in Sources */ = {isa = PBXBuildFile; fileRef = 184DAD821FBC1B97005E5090 /* ViewController.swift */; };
		184DAD861FBC1B97005E5090 /* Main.storyboard in Resources */ = {isa = PBXBuildFile; fileRef = 184DAD841FBC1B97005E5090 /* Main.storyboard */; };
		184DAD881FBC1B97005E5090 /* Assets.xcassets in Resources */ = {isa = PBXBuildFile; fileRef = 184DAD871FBC1B97005E5090 /* Assets.xcassets */; };
		184DAD8B1FBC1B97005E5090 /* LaunchScreen.storyboard in Resources */ = {isa = PBXBuildFile; fileRef = 184DAD891FBC1B97005E5090 /* LaunchScreen.storyboard */; };
/* End PBXBuildFile section */

/* Begin PBXFileReference section */
		184DAD7D1FBC1B97005E5090 /* TwoDimensionalArrayTableView.app */ = {isa = PBXFileReference; explicitFileType = wrapper.application; includeInIndex = 0; path = TwoDimensionalArrayTableView.app; sourceTree = BUILT_PRODUCTS_DIR; };
		184DAD801FBC1B97005E5090 /* AppDelegate.swift */ = {isa = PBXFileReference; lastKnownFileType = sourcecode.swift; path = AppDelegate.swift; sourceTree = "<group>"; };
		184DAD821FBC1B97005E5090 /* ViewController.swift */ = {isa = PBXFileReference; lastKnownFileType = sourcecode.swift; path = ViewController.swift; sourceTree = "<group>"; };
		184DAD851FBC1B97005E5090 /* Base */ = {isa = PBXFileReference; lastKnownFileType = file.storyboard; name = Base; path = Base.lproj/Main.storyboard; sourceTree = "<group>"; };
		184DAD871FBC1B97005E5090 /* Assets.xcassets */ = {isa = PBXFileReference; lastKnownFileType = folder.assetcatalog; path = Assets.xcassets; sourceTree = "<group>"; };
		184DAD8A1FBC1B97005E5090 /* Base */ = {isa = PBXFileReference; lastKnownFileType = file.storyboard; name = Base; path = Base.lproj/LaunchScreen.storyboard; sourceTree = "<group>"; };
		184DAD8C1FBC1B97005E5090 /* Info.plist */ = {isa = PBXFileReference; lastKnownFileType = text.plist.xml; path = Info.plist; sourceTree = "<group>"; };
/* End PBXFileReference section */

/* Begin PBXFrameworksBuildPhase section */
		184DAD7A1FBC1B97005E5090 /* Frameworks */ = {
			isa = PBXFrameworksBuildPhase;
			buildActionMask = 2147483647;
			files = (
			);
			runOnlyForDeploymentPostprocessing = 0;
		};
/* End PBXFrameworksBuildPhase section */

/* Begin PBXGroup section */
		184DAD741FBC1B97005E5090 = {
			isa = PBXGroup;
			children = (
				184DAD7F1FBC1B97005E5090 /* TwoDimensionalArrayTableView */,
				184DAD7E1FBC1B97005E5090 /* Products */,
			);
			sourceTree = "<group>";
		};
		184DAD7E1FBC1B97005E5090 /* Products */ = {
			isa = PBXGroup;
			children = (
				184DAD7D1FBC1B97005E5090 /* TwoDimensionalArrayTableView.app */,
			);
			name = Products;
			sourceTree = "<group>";
		};
		184DAD7F1FBC1B97005E5090 /* TwoDimensionalArrayTableView */ = {
			isa = PBXGroup;
			children = (
				184DAD801FBC1B97005E5090 /* AppDelegate.swift */,
				184DAD821FBC1B97005E5090 /* ViewController.swift */,
				184DAD841FBC1B97005E5090 /* Main.storyboard */,
				184DAD871FBC1B97005E5090 /* Assets.xcassets */,
				184DAD891FBC1B97005E5090 /* LaunchScreen.storyboard */,
				184DAD8C1FBC1B97005E5090 /* Info.plist */,
			);
			path = TwoDimensionalArrayTableView;
			sourceTree = "<group>";
		};
/* End PBXGroup section */

/* Begin PBXNativeTarget section */
		184DAD7C1FBC1B97005E5090 /* TwoDimensionalArrayTableView */ = {
			isa = PBXNativeTarget;
			buildConfigurationList = 184DAD8F1FBC1B97005E5090 /* Build configuration list for PBXNativeTarget "TwoDimensionalArrayTableView" */;
			buildPhases = (
				184DAD791FBC1B97005E5090 /* Sources */,
				184DAD7A1FBC1B97005E5090 /* Frameworks */,
				184DAD7B1FBC1B97005E5090 /* Resources */,
			);
			buildRules = (
			);
			dependencies = (
			);
			name = TwoDimensionalArrayTableView;
			productName = TwoDimensionalArrayTableView;
			productReference = 184DAD7D1FBC1B97005E5090 /* TwoDimensionalArrayTableView.app */;
			productType = "com.apple.product-type.application";
		};
/* End PBXNativeTarget section */

/* Begin PBXProject section */
		184DAD751FBC1B97005E5090 /* Project object */ = {
			isa = PBXProject;
			attributes = {
				LastSwiftUpdateCheck = 0910;
				LastUpgradeCheck = 0910;
				ORGANIZATIONNAME = Apple;
				TargetAttributes = {
					184DAD7C1FBC1B97005E5090 = {
						CreatedOnToolsVersion = 9.1;
						ProvisioningStyle = Automatic;
					};
				};
			};
			buildConfigurationList = 184DAD781FBC1B97005E5090 /* Build configuration list for PBXProject "TwoDimensionalArrayTableView" */;
			compatibilityVersion = "Xcode 8.0";
			developmentRegion = en;
			hasScannedForEncodings = 0;
			knownRegions = (
				en,
				Base,
			);
			mainGroup = 184DAD741FBC1B97005E5090;
			productRefGroup = 184DAD7E1FBC1B97005E5090 /* Products */;
			projectDirPath = "";
			projectRoot = "";
			targets = (
				184DAD7C1FBC1B97005E5090 /* TwoDimensionalArrayTableView */,
			);
		};
/* End PBXProject section */

/* Begin PBXResourcesBuildPhase section */
		184DAD7B1FBC1B97005E5090 /* Resources */ = {
			isa = PBXResourcesBuildPhase;
			buildActionMask = 2147483647;
			files = (
				184DAD8B1FBC1B97005E5090 /* LaunchScreen.storyboard in Resources */,
				184DAD881FBC1B97005E5090 /* Assets.xcassets in Resources */,
				184DAD861FBC1B97005E5090 /* Main.storyboard in Resources */,
			);
			runOnlyForDeploymentPostprocessing = 0;
		};
/* End PBXResourcesBuildPhase section */

/* Begin PBXSourcesBuildPhase section */
		184DAD791FBC1B97005E5090 /* Sources */ = {
			isa = PBXSourcesBuildPhase;
			buildActionMask = 2147483647;
			files = (
				184DAD831FBC1B97005E5090 /* ViewController.swift in Sources */,
				184DAD811FBC1B97005E5090 /* AppDelegate.swift in Sources */,
			);
			runOnlyForDeploymentPostprocessing = 0;
		};
/* End PBXSourcesBuildPhase section */

/* Begin PBXVariantGroup section */
		184DAD841FBC1B97005E5090 /* Main.storyboard */ = {
			isa = PBXVariantGroup;
			children = (
				184DAD851FBC1B97005E5090 /* Base */,
			);
			name = Main.storyboard;
			sourceTree = "<group>";
		};
		184DAD891FBC1B97005E5090 /* LaunchScreen.storyboard */ = {
			isa = PBXVariantGroup;
			children = (
				184DAD8A1FBC1B97005E5090 /* Base */,
			);
			name = LaunchScreen.storyboard;
			sourceTree = "<group>";
		};
/* End PBXVariantGroup section */

/* Begin XCBuildConfiguration section */
		184DAD8D1FBC1B97005E5090 /* Debug */ = {
			isa = XCBuildConfiguration;
			buildSettings = {
				ALWAYS_SEARCH_USER_PATHS = NO;
				CLANG_ANALYZER_NONNULL = YES;
				CLANG_ANALYZER_NUMBER_OBJECT_CONVERSION = YES_AGGRESSIVE;
				CLANG_CXX_LANGUAGE_STANDARD = "gnu++14";
				CLANG_CXX_LIBRARY = "libc++";
				CLANG_ENABLE_MODULES = YES;
				CLANG_ENABLE_OBJC_ARC = YES;
				CLANG_WARN_BLOCK_CAPTURE_AUTORELEASING = YES;
				CLANG_WARN_BOOL_CONVERSION = YES;
				CLANG_WARN_COMMA = YES;
				CLANG_WARN_CONSTANT_CONVERSION = YES;
				CLANG_WARN_DIRECT_OBJC_ISA_USAGE = YES_ERROR;
				CLANG_WARN_DOCUMENTATION_COMMENTS = YES;
				CLANG_WARN_EMPTY_BODY = YES;
				CLANG_WARN_ENUM_CONVERSION = YES;
				CLANG_WARN_INFINITE_RECURSION = YES;
				CLANG_WARN_INT_CONVERSION = YES;
				CLANG_WARN_NON_LITERAL_NULL_CONVERSION = YES;
				CLANG_WARN_OBJC_LITERAL_CONVERSION = YES;
				CLANG_WARN_OBJC_ROOT_CLASS = YES_ERROR;
				CLANG_WARN_RANGE_LOOP_ANALYSIS = YES;
				CLANG_WARN_STRICT_PROTOTYPES = YES;
				CLANG_WARN_SUSPICIOUS_MOVE = YES;
				CLANG_WARN_UNGUARDED_AVAILABILITY = YES_AGGRESSIVE;
				CLANG_WARN_UNREACHABLE_CODE = YES;
				CLANG_WARN__DUPLICATE_METHOD_MATCH = YES;
				CODE_SIGN_IDENTITY = "iPhone Developer";
				COPY_PHASE_STRIP = NO;
				DEBUG_INFORMATION_FORMAT = dwarf;
				ENABLE_STRICT_OBJC_MSGSEND = YES;
				ENABLE_TESTABILITY = YES;
				GCC_C_LANGUAGE_STANDARD = gnu11;
				GCC_DYNAMIC_NO_PIC = NO;
				GCC_NO_COMMON_BLOCKS = YES;
				GCC_OPTIMIZATION_LEVEL = 0;
				GCC_PREPROCESSOR_DEFINITIONS = (
					"DEBUG=1",
					"$(inherited)",
				);
				GCC_WARN_64_TO_32_BIT_CONVERSION = YES;
				GCC_WARN_ABOUT_RETURN_TYPE = YES_ERROR;
				GCC_WARN_UNDECLARED_SELECTOR = YES;
				GCC_WARN_UNINITIALIZED_AUTOS = YES_AGGRESSIVE;
				GCC_WARN_UNUSED_FUNCTION = YES;
				GCC_WARN_UNUSED_VARIABLE = YES;
				IPHONEOS_DEPLOYMENT_TARGET = 11.1;
				MTL_ENABLE_DEBUG_INFO = YES;
				ONLY_ACTIVE_ARCH = YES;
				SDKROOT = iphoneos;
				SWIFT_ACTIVE_COMPILATION_CONDITIONS = DEBUG;
				SWIFT_OPTIMIZATION_LEVEL = "-Onone";
			};
			name = Debug;
		};
		184DAD8E1FBC1B97005E5090 /* Release */ = {
			isa = XCBuildConfiguration;
			buildSettings = {
				ALWAYS_SEARCH_USER_PATHS = NO;
				CLANG_ANALYZER_NONNULL = YES;
				CLANG_ANALYZER_NUMBER_OBJECT_CONVERSION = YES_AGGRESSIVE;
				CLANG_CXX_LANGUAGE_STANDARD = "gnu++14";
				CLANG_CXX_LIBRARY = "libc++";
				CLANG_ENABLE_MODULES = YES;
				CLANG_ENABLE_OBJC_ARC = YES;
				CLANG_WARN_BLOCK_CAPTURE_AUTORELEASING = YES;
				CLANG_WARN_BOOL_CONVERSION = YES;
				CLANG_WARN_COMMA = YES;
				CLANG_WARN_CONSTANT_CONVERSION = YES;
				CLANG_WARN_DIRECT_OBJC_ISA_USAGE = YES_ERROR;
				CLANG_WARN_DOCUMENTATION_COMMENTS = YES;
				CLANG_WARN_EMPTY_BODY = YES;
				CLANG_WARN_ENUM_CONVERSION = YES;
				CLANG_WARN_INFINITE_RECURSION = YES;
				CLANG_WARN_INT_CONVERSION = YES;
				CLANG_WARN_NON_LITERAL_NULL_CONVERSION = YES;
				CLANG_WARN_OBJC_LITERAL_CONVERSION = YES;
				CLANG_WARN_OBJC_ROOT_CLASS = YES_ERROR;
				CLANG_WARN_RANGE_LOOP_ANALYSIS = YES;
				CLANG_WARN_STRICT_PROTOTYPES = YES;
				CLANG_WARN_SUSPICIOUS_MOVE = YES;
				CLANG_WARN_UNGUARDED_AVAILABILITY = YES_AGGRESSIVE;
				CLANG_WARN_UNREACHABLE_CODE = YES;
				CLANG_WARN__DUPLICATE_METHOD_MATCH = YES;
				CODE_SIGN_IDENTITY = "iPhone Developer";
				COPY_PHASE_STRIP = NO;
				DEBUG_INFORMATION_FORMAT = "dwarf-with-dsym";
				ENABLE_NS_ASSERTIONS = NO;
				ENABLE_STRICT_OBJC_MSGSEND = YES;
				GCC_C_LANGUAGE_STANDARD = gnu11;
				GCC_NO_COMMON_BLOCKS = YES;
				GCC_WARN_64_TO_32_BIT_CONVERSION = YES;
				GCC_WARN_ABOUT_RETURN_TYPE = YES_ERROR;
				GCC_WARN_UNDECLARED_SELECTOR = YES;
				GCC_WARN_UNINITIALIZED_AUTOS = YES_AGGRESSIVE;
				GCC_WARN_UNUSED_FUNCTION = YES;
				GCC_WARN_UNUSED_VARIABLE = YES;
				IPHONEOS_DEPLOYMENT_TARGET = 11.1;
				MTL_ENABLE_DEBUG_INFO = NO;
				SDKROOT = iphoneos;
				SWIFT_OPTIMIZATION_LEVEL = "-Owholemodule";
				VALIDATE_PRODUCT = YES;
			};
			name = Release;
		};
		184DAD901FBC1B97005E5090 /* Debug */ = {
			isa = XCBuildConfiguration;
			buildSettings = {
				ASSETCATALOG_COMPILER_APPICON_NAME = AppIcon;
				CODE_SIGN_STYLE = Automatic;
				INFOPLIST_FILE = TwoDimensionalArrayTableView/Info.plist;
				LD_RUNPATH_SEARCH_PATHS = "$(inherited) @executable_path/Frameworks";
				PRODUCT_BUNDLE_IDENTIFIER = com.WowDreamapps.TwoDimensionalArrayTableView;
				PRODUCT_NAME = "$(TARGET_NAME)";
				SWIFT_VERSION = 4.0;
				TARGETED_DEVICE_FAMILY = "1,2";
			};
			name = Debug;
		};
		184DAD911FBC1B97005E5090 /* Release */ = {
			isa = XCBuildConfiguration;
			buildSettings = {
				ASSETCATALOG_COMPILER_APPICON_NAME = AppIcon;
				CODE_SIGN_STYLE = Automatic;
				INFOPLIST_FILE = TwoDimensionalArrayTableView/Info.plist;
				LD_RUNPATH_SEARCH_PATHS = "$(inherited) @executable_path/Frameworks";
				PRODUCT_BUNDLE_IDENTIFIER = com.WowDreamapps.TwoDimensionalArrayTableView;
				PRODUCT_NAME = "$(TARGET_NAME)";
				SWIFT_VERSION = 4.0;
				TARGETED_DEVICE_FAMILY = "1,2";
			};
			name = Release;
		};
/* End XCBuildConfiguration section */

/* Begin XCConfigurationList section */
		184DAD781FBC1B97005E5090 /* Build configuration list for PBXProject "TwoDimensionalArrayTableView" */ = {
			isa = XCConfigurationList;
			buildConfigurations = (
				184DAD8D1FBC1B97005E5090 /* Debug */,
				184DAD8E1FBC1B97005E5090 /* Release */,
			);
			defaultConfigurationIsVisible = 0;
			defaultConfigurationName = Release;
		};
		184DAD8F1FBC1B97005E5090 /* Build configuration list for PBXNativeTarget "TwoDimensionalArrayTableView" */ = {
			isa = XCConfigurationList;
			buildConfigurations = (
				184DAD901FBC1B97005E5090 /* Debug */,
				184DAD911FBC1B97005E5090 /* Release */,
			);
			defaultConfigurationIsVisible = 0;
			defaultConfigurationName = Release;
		};
/* End XCConfigurationList section */
	};
	rootObject = 184DAD751FBC1B97005E5090 /* Project object */;
}
